Microsoft Visual Studio Solution File, Format Version 11.00
# Visual Studio 2008

Project("{D4D74B88-C16E-75CB-FED7-8E8A5CCDE75B}") = "Assignment12", "Assembly-CSharp-firstpass.csproj", "{6BAB1D9D-5E21-2BD8-F11E-304E7E4CF4FE}"
EndProject
Project("{D4D74B88-C16E-75CB-FED7-8E8A5CCDE75B}") = "Assignment12", "Assembly-CSharp.csproj", "{272EC19A-AE82-E1E1-6031-B6B6AF5662A8}"
EndProject
Project("{D4D74B88-C16E-75CB-FED7-8E8A5CCDE75B}") = "Assignment12", "Assembly-CSharp-Editor.csproj", "{1D50E939-4D14-843F-222A-87603E86EE0D}"
EndProject
Global
	GlobalSection(SolutionConfigurationPlatforms) = preSolution
		Debug|Any CPU = Debug|Any CPU
		Release|Any CPU = Release|Any CPU
	EndGlobalSection
	GlobalSection(ProjectConfigurationPlatforms) = postSolution
		{6BAB1D9D-5E21-2BD8-F11E-304E7E4CF4FE}.Debug|Any CPU.ActiveCfg = Debug|Any CPU
		{6BAB1D9D-5E21-2BD8-F11E-304E7E4CF4FE}.Debug|Any CPU.Build.0 = Debug|Any CPU
		{6BAB1D9D-5E21-2BD8-F11E-304E7E4CF4FE}.Release|Any CPU.ActiveCfg = Release|Any CPU
		{6BAB1D9D-5E21-2BD8-F11E-304E7E4CF4FE}.Release|Any CPU.Build.0 = Release|Any CPU
		{272EC19A-AE82-E1E1-6031-B6B6AF5662A8}.Debug|Any CPU.ActiveCfg = Debug|Any CPU
		{272EC19A-AE82-E1E1-6031-B6B6AF5662A8}.Debug|Any CPU.Build.0 = Debug|Any CPU
		{272EC19A-AE82-E1E1-6031-B6B6AF5662A8}.Release|Any CPU.ActiveCfg = Release|Any CPU
		{272EC19A-AE82-E1E1-6031-B6B6AF5662A8}.Release|Any CPU.Build.0 = Release|Any CPU
		{1D50E939-4D14-843F-222A-87603E86EE0D}.Debug|Any CPU.ActiveCfg = Debug|Any CPU
		{1D50E939-4D14-843F-222A-87603E86EE0D}.Debug|Any CPU.Build.0 = Debug|Any CPU
		{1D50E939-4D14-843F-222A-87603E86EE0D}.Release|Any CPU.ActiveCfg = Release|Any CPU
		{1D50E939-4D14-843F-222A-87603E86EE0D}.Release|Any CPU.Build.0 = Release|Any CPU
	EndGlobalSection
	GlobalSection(SolutionProperties) = preSolution
		HideSolutionNode = FALSE
	EndGlobalSection
																																										GlobalSection(MonoDevelopProperties) = preSolution
		StartupItem = Assembly-CSharp.csproj
		Policies = $0
		$0.TextStylePolicy = $1
		$1.inheritsSet = null
		$1.scope = text/x-csharp
		$0.CSharpFormattingPolicy = $2
		$2.inheritsSet = Mono
		$2.inheritsScope = text/x-csharp
		$2.scope = text/x-csharp
		$0.TextStylePolicy = $3
		$3.FileWidth = 120
		$3.TabWidth = 4
		$3.IndentWidth = 4
		$3.EolMarker = Unix
		$3.inheritsSet = Mono
		$3.inheritsScope = text/plain
		$3.scope = text/plain
	EndGlobalSection

EndGlobal
